
Microsoft Visual Studio Solution File, Format Version 12.00
# Visual Studio Version 17
VisualStudioVersion = 17.9.34622.214
MinimumVisualStudioVersion = 10.0.40219.1
Project("{FAE04EC0-301F-11D3-BF4B-00C04F79EFBC}") = "Task3", "Task3\Task3.csproj", "{48F95650-EF66-46C1-B0BB-DAE02D965911}"
EndProject
Global
	GlobalSection(SolutionConfigurationPlatforms) = preSolution
		Debug|Any CPU = Debug|Any CPU
		Release|Any CPU = Release|Any CPU
	EndGlobalSection
	GlobalSection(ProjectConfigurationPlatforms) = postSolution
		{48F95650-EF66-46C1-B0BB-DAE02D965911}.Debug|Any CPU.ActiveCfg = Debug|Any CPU
		{48F95650-EF66-46C1-B0BB-DAE02D965911}.Debug|Any CPU.Build.0 = Debug|Any CPU
		{48F95650-EF66-46C1-B0BB-DAE02D965911}.Release|Any CPU.ActiveCfg = Release|Any CPU
		{48F95650-EF66-46C1-B0BB-DAE02D965911}.Release|Any CPU.Build.0 = Release|Any CPU
	EndGlobalSection
	GlobalSection(SolutionProperties) = preSolution
		HideSolutionNode = FALSE
	EndGlobalSection
	GlobalSection(ExtensibilityGlobals) = postSolution
		SolutionGuid = {C409BFBC-AB50-413D-93D2-8E93EFE7320B}
	EndGlobalSection
EndGlobal
