
Microsoft Visual Studio Solution File, Format Version 12.00
# Visual Studio Version 17
VisualStudioVersion = 17.9.34714.143
MinimumVisualStudioVersion = 10.0.40219.1
Project("{2150E333-8FDC-42A3-9474-1A3956D46DE8}") = "Task1", "Task1", "{9CDC8235-F3BF-4843-9AA7-AC8380A3BD04}"
EndProject
Project("{FAE04EC0-301F-11D3-BF4B-00C04F79EFBC}") = "QUEUE - Exercise", "QUEUE - Exercise\QUEUE - Exercise.csproj", "{335D922E-7E1E-4E59-A443-40A5FEFF82C3}"
EndProject
Project("{2150E333-8FDC-42A3-9474-1A3956D46DE8}") = "Task2 and 3", "Task2 and 3", "{8A4507AC-1A82-4408-8FBB-01A057A64E1B}"
EndProject
Project("{FAE04EC0-301F-11D3-BF4B-00C04F79EFBC}") = "EmployeesApplication", "EmployeesApplication\EmployeesApplication.csproj", "{9C47C154-659C-4652-B80F-93C3457663F5}"
EndProject
Project("{FAE04EC0-301F-11D3-BF4B-00C04F79EFBC}") = "EmployeesApplication.Domain", "EmployeesApplication.Domain\EmployeesApplication.Domain.csproj", "{4CF16014-610A-41A7-AE4E-971529BBC06B}"
EndProject
Global
	GlobalSection(SolutionConfigurationPlatforms) = preSolution
		Debug|Any CPU = Debug|Any CPU
		Release|Any CPU = Release|Any CPU
	EndGlobalSection
	GlobalSection(ProjectConfigurationPlatforms) = postSolution
		{335D922E-7E1E-4E59-A443-40A5FEFF82C3}.Debug|Any CPU.ActiveCfg = Debug|Any CPU
		{335D922E-7E1E-4E59-A443-40A5FEFF82C3}.Debug|Any CPU.Build.0 = Debug|Any CPU
		{335D922E-7E1E-4E59-A443-40A5FEFF82C3}.Release|Any CPU.ActiveCfg = Release|Any CPU
		{335D922E-7E1E-4E59-A443-40A5FEFF82C3}.Release|Any CPU.Build.0 = Release|Any CPU
		{9C47C154-659C-4652-B80F-93C3457663F5}.Debug|Any CPU.ActiveCfg = Debug|Any CPU
		{9C47C154-659C-4652-B80F-93C3457663F5}.Debug|Any CPU.Build.0 = Debug|Any CPU
		{9C47C154-659C-4652-B80F-93C3457663F5}.Release|Any CPU.ActiveCfg = Release|Any CPU
		{9C47C154-659C-4652-B80F-93C3457663F5}.Release|Any CPU.Build.0 = Release|Any CPU
		{4CF16014-610A-41A7-AE4E-971529BBC06B}.Debug|Any CPU.ActiveCfg = Debug|Any CPU
		{4CF16014-610A-41A7-AE4E-971529BBC06B}.Debug|Any CPU.Build.0 = Debug|Any CPU
		{4CF16014-610A-41A7-AE4E-971529BBC06B}.Release|Any CPU.ActiveCfg = Release|Any CPU
		{4CF16014-610A-41A7-AE4E-971529BBC06B}.Release|Any CPU.Build.0 = Release|Any CPU
	EndGlobalSection
	GlobalSection(SolutionProperties) = preSolution
		HideSolutionNode = FALSE
	EndGlobalSection
	GlobalSection(NestedProjects) = preSolution
		{335D922E-7E1E-4E59-A443-40A5FEFF82C3} = {9CDC8235-F3BF-4843-9AA7-AC8380A3BD04}
		{9C47C154-659C-4652-B80F-93C3457663F5} = {8A4507AC-1A82-4408-8FBB-01A057A64E1B}
		{4CF16014-610A-41A7-AE4E-971529BBC06B} = {8A4507AC-1A82-4408-8FBB-01A057A64E1B}
	EndGlobalSection
	GlobalSection(ExtensibilityGlobals) = postSolution
		SolutionGuid = {6ECBD857-7E0D-497B-BFD9-01473C9E1AA1}
	EndGlobalSection
EndGlobal
